
Microsoft Visual Studio Solution File, Format Version 12.00
Project("{FAE04EC0-301F-11D3-BF4B-00C04F79EFBC}") = "UnifiedToolchain", "UnifiedToolchain\UnifiedToolchain.csproj", "{EB160EDD-FA18-41D3-BD56-E6E884AC1334}"
EndProject
Project("{FAE04EC0-301F-11D3-BF4B-00C04F79EFBC}") = "CommonExtensions", "CommonExtensions\CommonExtensions.csproj", "{63DF0257-CC20-4D34-BD3E-6D26BC03FE7C}"
EndProject
Project("{FAE04EC0-301F-11D3-BF4B-00C04F79EFBC}") = "Bootstrapper", "Bootstrapper\Bootstrapper.csproj", "{A7BF48E4-8D91-478B-A097-AA9A8637A4DF}"
EndProject
Project("{FAE04EC0-301F-11D3-BF4B-00C04F79EFBC}") = "StandardInterfaces", "StandardInterfaces\StandardInterfaces.csproj", "{9F49438E-5C39-4E56-BF87-2E6DE32AD452}"
EndProject
Project("{FAE04EC0-301F-11D3-BF4B-00C04F79EFBC}") = "Jsons", "Jsons\Jsons.csproj", "{67A59175-FB5D-4F6C-BFF9-C822FEFD23A3}"
EndProject
Project("{FAE04EC0-301F-11D3-BF4B-00C04F79EFBC}") = "ExceptionsManager", "ExceptionsManager\ExceptionsManager.csproj", "{AB140F1C-B771-415C-8F52-85D3A5DFC0F9}"
EndProject
Project("{FAE04EC0-301F-11D3-BF4B-00C04F79EFBC}") = "RequestsManager", "RequestsManager\RequestsManager.csproj", "{378BE97F-0E36-4BF9-A415-93E1478CE9FB}"
EndProject
Project("{FAE04EC0-301F-11D3-BF4B-00C04F79EFBC}") = "TestPlugin", "TestPlugin\TestPlugin.csproj", "{B34D9497-E55D-4D54-A343-354634C5FB4B}"
EndProject
Project("{2150E333-8FDC-42A3-9474-1A3956D46DE8}") = "Tests", "Tests", "{7A970AD2-7E3D-472B-86FF-60E03DB39C90}"
EndProject
Project("{FAE04EC0-301F-11D3-BF4B-00C04F79EFBC}") = "JsonTests", "JsonTests\JsonTests.csproj", "{6686CA72-BD5E-48BA-BDC1-467FFB36F4DE}"
EndProject
Project("{2150E333-8FDC-42A3-9474-1A3956D46DE8}") = "Plugins", "Plugins", "{0B569A45-4BC6-4C3F-9977-78993E8C5CAE}"
EndProject
Project("{2150E333-8FDC-42A3-9474-1A3956D46DE8}") = "Others", "Others", "{B1FE2C10-62C5-40CC-B2EC-F8FA1706BFB2}"
EndProject
Project("{FAE04EC0-301F-11D3-BF4B-00C04F79EFBC}") = "Timer", "Timer\Timer.csproj", "{33D9D8B7-0322-4D06-BD62-3FC71677C27E}"
EndProject
Project("{FAE04EC0-301F-11D3-BF4B-00C04F79EFBC}") = "Plugins", "Plugins\Plugins.csproj", "{147F6795-D7E0-4DF9-9F26-F59D1AFF2859}"
EndProject
Project("{FAE04EC0-301F-11D3-BF4B-00C04F79EFBC}") = "DirectoryManager", "DirectoryManager\DirectoryManager.csproj", "{A59FC76D-A277-4282-A166-3F7FCDBBA5E5}"
EndProject
Project("{FAE04EC0-301F-11D3-BF4B-00C04F79EFBC}") = "PluginIdentifiers", "PluginIdentifiers\PluginIdentifiers.csproj", "{9E20577A-D7EC-4125-827E-1B5E903B69E8}"
EndProject
Global
	GlobalSection(SolutionConfigurationPlatforms) = preSolution
		Debug|Any CPU = Debug|Any CPU
		Release|Any CPU = Release|Any CPU
	EndGlobalSection
	GlobalSection(ProjectConfigurationPlatforms) = postSolution
		{EB160EDD-FA18-41D3-BD56-E6E884AC1334}.Debug|Any CPU.ActiveCfg = Debug|Any CPU
		{EB160EDD-FA18-41D3-BD56-E6E884AC1334}.Debug|Any CPU.Build.0 = Debug|Any CPU
		{EB160EDD-FA18-41D3-BD56-E6E884AC1334}.Release|Any CPU.ActiveCfg = Release|Any CPU
		{EB160EDD-FA18-41D3-BD56-E6E884AC1334}.Release|Any CPU.Build.0 = Release|Any CPU
		{63DF0257-CC20-4D34-BD3E-6D26BC03FE7C}.Debug|Any CPU.ActiveCfg = Debug|Any CPU
		{63DF0257-CC20-4D34-BD3E-6D26BC03FE7C}.Debug|Any CPU.Build.0 = Debug|Any CPU
		{63DF0257-CC20-4D34-BD3E-6D26BC03FE7C}.Release|Any CPU.ActiveCfg = Release|Any CPU
		{63DF0257-CC20-4D34-BD3E-6D26BC03FE7C}.Release|Any CPU.Build.0 = Release|Any CPU
		{A7BF48E4-8D91-478B-A097-AA9A8637A4DF}.Debug|Any CPU.ActiveCfg = Debug|Any CPU
		{A7BF48E4-8D91-478B-A097-AA9A8637A4DF}.Debug|Any CPU.Build.0 = Debug|Any CPU
		{A7BF48E4-8D91-478B-A097-AA9A8637A4DF}.Release|Any CPU.ActiveCfg = Release|Any CPU
		{A7BF48E4-8D91-478B-A097-AA9A8637A4DF}.Release|Any CPU.Build.0 = Release|Any CPU
		{9F49438E-5C39-4E56-BF87-2E6DE32AD452}.Debug|Any CPU.ActiveCfg = Debug|Any CPU
		{9F49438E-5C39-4E56-BF87-2E6DE32AD452}.Debug|Any CPU.Build.0 = Debug|Any CPU
		{9F49438E-5C39-4E56-BF87-2E6DE32AD452}.Release|Any CPU.ActiveCfg = Release|Any CPU
		{9F49438E-5C39-4E56-BF87-2E6DE32AD452}.Release|Any CPU.Build.0 = Release|Any CPU
		{67A59175-FB5D-4F6C-BFF9-C822FEFD23A3}.Debug|Any CPU.ActiveCfg = Debug|Any CPU
		{67A59175-FB5D-4F6C-BFF9-C822FEFD23A3}.Debug|Any CPU.Build.0 = Debug|Any CPU
		{67A59175-FB5D-4F6C-BFF9-C822FEFD23A3}.Release|Any CPU.ActiveCfg = Release|Any CPU
		{67A59175-FB5D-4F6C-BFF9-C822FEFD23A3}.Release|Any CPU.Build.0 = Release|Any CPU
		{AB140F1C-B771-415C-8F52-85D3A5DFC0F9}.Debug|Any CPU.ActiveCfg = Debug|Any CPU
		{AB140F1C-B771-415C-8F52-85D3A5DFC0F9}.Debug|Any CPU.Build.0 = Debug|Any CPU
		{AB140F1C-B771-415C-8F52-85D3A5DFC0F9}.Release|Any CPU.ActiveCfg = Release|Any CPU
		{AB140F1C-B771-415C-8F52-85D3A5DFC0F9}.Release|Any CPU.Build.0 = Release|Any CPU
		{378BE97F-0E36-4BF9-A415-93E1478CE9FB}.Debug|Any CPU.ActiveCfg = Debug|Any CPU
		{378BE97F-0E36-4BF9-A415-93E1478CE9FB}.Debug|Any CPU.Build.0 = Debug|Any CPU
		{378BE97F-0E36-4BF9-A415-93E1478CE9FB}.Release|Any CPU.ActiveCfg = Release|Any CPU
		{378BE97F-0E36-4BF9-A415-93E1478CE9FB}.Release|Any CPU.Build.0 = Release|Any CPU
		{B34D9497-E55D-4D54-A343-354634C5FB4B}.Debug|Any CPU.ActiveCfg = Debug|Any CPU
		{B34D9497-E55D-4D54-A343-354634C5FB4B}.Debug|Any CPU.Build.0 = Debug|Any CPU
		{B34D9497-E55D-4D54-A343-354634C5FB4B}.Release|Any CPU.ActiveCfg = Release|Any CPU
		{B34D9497-E55D-4D54-A343-354634C5FB4B}.Release|Any CPU.Build.0 = Release|Any CPU
		{6686CA72-BD5E-48BA-BDC1-467FFB36F4DE}.Debug|Any CPU.ActiveCfg = Debug|Any CPU
		{6686CA72-BD5E-48BA-BDC1-467FFB36F4DE}.Debug|Any CPU.Build.0 = Debug|Any CPU
		{6686CA72-BD5E-48BA-BDC1-467FFB36F4DE}.Release|Any CPU.ActiveCfg = Release|Any CPU
		{6686CA72-BD5E-48BA-BDC1-467FFB36F4DE}.Release|Any CPU.Build.0 = Release|Any CPU
		{33D9D8B7-0322-4D06-BD62-3FC71677C27E}.Debug|Any CPU.ActiveCfg = Debug|Any CPU
		{33D9D8B7-0322-4D06-BD62-3FC71677C27E}.Debug|Any CPU.Build.0 = Debug|Any CPU
		{33D9D8B7-0322-4D06-BD62-3FC71677C27E}.Release|Any CPU.ActiveCfg = Release|Any CPU
		{33D9D8B7-0322-4D06-BD62-3FC71677C27E}.Release|Any CPU.Build.0 = Release|Any CPU
		{147F6795-D7E0-4DF9-9F26-F59D1AFF2859}.Debug|Any CPU.ActiveCfg = Debug|Any CPU
		{147F6795-D7E0-4DF9-9F26-F59D1AFF2859}.Debug|Any CPU.Build.0 = Debug|Any CPU
		{147F6795-D7E0-4DF9-9F26-F59D1AFF2859}.Release|Any CPU.ActiveCfg = Release|Any CPU
		{147F6795-D7E0-4DF9-9F26-F59D1AFF2859}.Release|Any CPU.Build.0 = Release|Any CPU
		{A59FC76D-A277-4282-A166-3F7FCDBBA5E5}.Debug|Any CPU.ActiveCfg = Debug|Any CPU
		{A59FC76D-A277-4282-A166-3F7FCDBBA5E5}.Debug|Any CPU.Build.0 = Debug|Any CPU
		{A59FC76D-A277-4282-A166-3F7FCDBBA5E5}.Release|Any CPU.ActiveCfg = Release|Any CPU
		{A59FC76D-A277-4282-A166-3F7FCDBBA5E5}.Release|Any CPU.Build.0 = Release|Any CPU
		{9E20577A-D7EC-4125-827E-1B5E903B69E8}.Debug|Any CPU.ActiveCfg = Debug|Any CPU
		{9E20577A-D7EC-4125-827E-1B5E903B69E8}.Debug|Any CPU.Build.0 = Debug|Any CPU
		{9E20577A-D7EC-4125-827E-1B5E903B69E8}.Release|Any CPU.ActiveCfg = Release|Any CPU
		{9E20577A-D7EC-4125-827E-1B5E903B69E8}.Release|Any CPU.Build.0 = Release|Any CPU
	EndGlobalSection
	GlobalSection(NestedProjects) = preSolution
		{6686CA72-BD5E-48BA-BDC1-467FFB36F4DE} = {7A970AD2-7E3D-472B-86FF-60E03DB39C90}
		{B34D9497-E55D-4D54-A343-354634C5FB4B} = {0B569A45-4BC6-4C3F-9977-78993E8C5CAE}
		{378BE97F-0E36-4BF9-A415-93E1478CE9FB} = {B1FE2C10-62C5-40CC-B2EC-F8FA1706BFB2}
		{67A59175-FB5D-4F6C-BFF9-C822FEFD23A3} = {B1FE2C10-62C5-40CC-B2EC-F8FA1706BFB2}
		{AB140F1C-B771-415C-8F52-85D3A5DFC0F9} = {B1FE2C10-62C5-40CC-B2EC-F8FA1706BFB2}
		{63DF0257-CC20-4D34-BD3E-6D26BC03FE7C} = {B1FE2C10-62C5-40CC-B2EC-F8FA1706BFB2}
		{9F49438E-5C39-4E56-BF87-2E6DE32AD452} = {B1FE2C10-62C5-40CC-B2EC-F8FA1706BFB2}
		{33D9D8B7-0322-4D06-BD62-3FC71677C27E} = {B1FE2C10-62C5-40CC-B2EC-F8FA1706BFB2}
		{147F6795-D7E0-4DF9-9F26-F59D1AFF2859} = {B1FE2C10-62C5-40CC-B2EC-F8FA1706BFB2}
		{A59FC76D-A277-4282-A166-3F7FCDBBA5E5} = {B1FE2C10-62C5-40CC-B2EC-F8FA1706BFB2}
		{9E20577A-D7EC-4125-827E-1B5E903B69E8} = {B1FE2C10-62C5-40CC-B2EC-F8FA1706BFB2}
	EndGlobalSection
EndGlobal
